
Microsoft Visual Studio Solution File, Format Version 12.00
# Visual Studio Version 16
VisualStudioVersion = 16.0.31019.35
MinimumVisualStudioVersion = 15.0.26124.0
Project("{9A19103F-16F7-4668-BE54-9A1E7A4F7556}") = "aspnet-core-cert-auth", "api\aspnet-core-cert-auth.csproj", "{6C4FF815-0080-43B5-B036-98B9A407E8D1}"
EndProject
Project("{9A19103F-16F7-4668-BE54-9A1E7A4F7556}") = "cert-client", "client\cert-client.csproj", "{CE354407-3636-4D85-8188-232EADAAAA5D}"
EndProject
Global
	GlobalSection(SolutionConfigurationPlatforms) = preSolution
		Debug|Any CPU = Debug|Any CPU
		Release|Any CPU = Release|Any CPU
	EndGlobalSection
	GlobalSection(ProjectConfigurationPlatforms) = postSolution
		{6C4FF815-0080-43B5-B036-98B9A407E8D1}.Debug|Any CPU.ActiveCfg = Debug|Any CPU
		{6C4FF815-0080-43B5-B036-98B9A407E8D1}.Debug|Any CPU.Build.0 = Debug|Any CPU
		{6C4FF815-0080-43B5-B036-98B9A407E8D1}.Release|Any CPU.ActiveCfg = Release|Any CPU
		{6C4FF815-0080-43B5-B036-98B9A407E8D1}.Release|Any CPU.Build.0 = Release|Any CPU
		{CE354407-3636-4D85-8188-232EADAAAA5D}.Debug|Any CPU.ActiveCfg = Debug|Any CPU
		{CE354407-3636-4D85-8188-232EADAAAA5D}.Debug|Any CPU.Build.0 = Debug|Any CPU
		{CE354407-3636-4D85-8188-232EADAAAA5D}.Release|Any CPU.ActiveCfg = Release|Any CPU
		{CE354407-3636-4D85-8188-232EADAAAA5D}.Release|Any CPU.Build.0 = Release|Any CPU
	EndGlobalSection
	GlobalSection(SolutionProperties) = preSolution
		HideSolutionNode = FALSE
	EndGlobalSection
	GlobalSection(ExtensibilityGlobals) = postSolution
		SolutionGuid = {EE3662DF-710E-4344-9E06-7331D9AA1133}
	EndGlobalSection
EndGlobal
